
Microsoft Visual Studio Solution File, Format Version 12.00
# Visual Studio Version 16
VisualStudioVersion = 16.0.29519.87
MinimumVisualStudioVersion = 10.0.40219.1
Project("{FAE04EC0-301F-11D3-BF4B-00C04F79EFBC}") = "alumette", "alumette\alumette.csproj", "{F34158C8-E1E9-4644-9D59-C89BEE6D423D}"
EndProject
Global
	GlobalSection(SolutionConfigurationPlatforms) = preSolution
		Debug|Any CPU = Debug|Any CPU
		Release|Any CPU = Release|Any CPU
	EndGlobalSection
	GlobalSection(ProjectConfigurationPlatforms) = postSolution
		{F34158C8-E1E9-4644-9D59-C89BEE6D423D}.Debug|Any CPU.ActiveCfg = Debug|Any CPU
		{F34158C8-E1E9-4644-9D59-C89BEE6D423D}.Debug|Any CPU.Build.0 = Debug|Any CPU
		{F34158C8-E1E9-4644-9D59-C89BEE6D423D}.Release|Any CPU.ActiveCfg = Release|Any CPU
		{F34158C8-E1E9-4644-9D59-C89BEE6D423D}.Release|Any CPU.Build.0 = Release|Any CPU
	EndGlobalSection
	GlobalSection(SolutionProperties) = preSolution
		HideSolutionNode = FALSE
	EndGlobalSection
	GlobalSection(ExtensibilityGlobals) = postSolution
		SolutionGuid = {5D595796-AE5B-4DF1-8EB9-0C7A330408FD}
	EndGlobalSection
EndGlobal
